
Microsoft Visual Studio Solution File, Format Version 12.00
# Visual Studio 14
VisualStudioVersion = 14.0.25420.1
MinimumVisualStudioVersion = 10.0.40219.1
Project("{2150E333-8FDC-42A3-9474-1A3956D46DE8}") = "Web", "Web", "{80A40105-0D79-4B64-A865-FEFE380986BC}"
EndProject
Project("{2150E333-8FDC-42A3-9474-1A3956D46DE8}") = "Services", "Services", "{0DA09F31-C0E5-476A-AA9D-1D8A207EB114}"
EndProject
Project("{2150E333-8FDC-42A3-9474-1A3956D46DE8}") = "Data", "Data", "{5B68551D-5BB3-4460-B068-2A64A2448407}"
EndProject
Project("{2150E333-8FDC-42A3-9474-1A3956D46DE8}") = "Common", "Common", "{CE4DB257-A02E-4AAB-A420-0E5B2DD8A9BA}"
EndProject
Project("{2150E333-8FDC-42A3-9474-1A3956D46DE8}") = "Tests", "Tests", "{9BF8B18E-11DC-45B8-967B-21289359BFF5}"
EndProject
Project("{FAE04EC0-301F-11D3-BF4B-00C04F79EFBC}") = "MyMvcProjectTemplate.Web", "Web\MyMvcProjectTemplate.Web\MyMvcProjectTemplate.Web.csproj", "{1F68DBC4-280E-4E3A-9D04-4BE895656516}"
EndProject
Project("{FAE04EC0-301F-11D3-BF4B-00C04F79EFBC}") = "MyMvcProjectTemplate.Data", "Data\MyMvcProjectTemplate.Data\MyMvcProjectTemplate.Data.csproj", "{154E4497-81D1-4437-96E2-1A51FDB8740A}"
EndProject
Project("{FAE04EC0-301F-11D3-BF4B-00C04F79EFBC}") = "MyMvcProjectTemplate.Data.Models", "Data\MyMvcProjectTemplate.Data.Models\MyMvcProjectTemplate.Data.Models.csproj", "{6A9E098F-B139-4D79-A0F0-E1307F916E13}"
EndProject
Project("{FAE04EC0-301F-11D3-BF4B-00C04F79EFBC}") = "MyMvcProjectTemplate.Services.Web", "Services\MyMvcProjectTemplate.Services.Web\MyMvcProjectTemplate.Services.Web.csproj", "{102EBC87-8326-4C25-8F3A-84196D6FFB99}"
EndProject
Project("{FAE04EC0-301F-11D3-BF4B-00C04F79EFBC}") = "MyMvcProjectTemplate.Common", "Common\MyMvcProjectTemplate.Common\MyMvcProjectTemplate.Common.csproj", "{DE595403-0A05-4C28-9FC0-E17DA5B88B28}"
EndProject
Project("{FAE04EC0-301F-11D3-BF4B-00C04F79EFBC}") = "MyMvcProjectTemplate.Data.Common", "Data\MyMvcProjectTemplate.Data.Common\MyMvcProjectTemplate.Data.Common.csproj", "{526E19B8-9113-4371-B2F7-76483B2C3FED}"
EndProject
Project("{FAE04EC0-301F-11D3-BF4B-00C04F79EFBC}") = "MyMvcProjectTemplate.Web.Infrastructure", "Web\MyMvcProjectTemplate.Web.Infrastructure\MyMvcProjectTemplate.Web.Infrastructure.csproj", "{906BCF66-F8E2-4437-9A19-068465AD1409}"
EndProject
Project("{FAE04EC0-301F-11D3-BF4B-00C04F79EFBC}") = "MyMvcProjectTemplate.Web.Controllers.Tests", "Tests\MyMvcProjectTemplate.Web.Controllers.Tests\MyMvcProjectTemplate.Web.Controllers.Tests.csproj", "{BB9B8B65-14F0-4CA1-8AB3-12686D4AA5B3}"
EndProject
Project("{FAE04EC0-301F-11D3-BF4B-00C04F79EFBC}") = "MyMvcProjectTemplate.Web.Routes.Tests", "Tests\MyMvcProjectTemplate.Web.Routes.Tests\MyMvcProjectTemplate.Web.Routes.Tests.csproj", "{52023CB8-8D81-4097-999A-D3F5AC7F39FE}"
EndProject
Project("{FAE04EC0-301F-11D3-BF4B-00C04F79EFBC}") = "MyMvcProjectTemplate.Services.Common", "Services\MyMvcProjectTemplate.Services.Common\MyMvcProjectTemplate.Services.Common.csproj", "{F70892F7-DA64-4ACC-87E5-92287E7E7D6B}"
EndProject
Project("{FAE04EC0-301F-11D3-BF4B-00C04F79EFBC}") = "MyMvcProjectTemplate.Services.User", "Services\MyMvcProjectTemplate.Services.User\MyMvcProjectTemplate.Services.User.csproj", "{C1FE80CB-0F09-4C17-818D-6898489A848C}"
EndProject
Global
	GlobalSection(SolutionConfigurationPlatforms) = preSolution
		Debug|Any CPU = Debug|Any CPU
		Release|Any CPU = Release|Any CPU
	EndGlobalSection
	GlobalSection(ProjectConfigurationPlatforms) = postSolution
		{1F68DBC4-280E-4E3A-9D04-4BE895656516}.Debug|Any CPU.ActiveCfg = Debug|Any CPU
		{1F68DBC4-280E-4E3A-9D04-4BE895656516}.Debug|Any CPU.Build.0 = Debug|Any CPU
		{1F68DBC4-280E-4E3A-9D04-4BE895656516}.Release|Any CPU.ActiveCfg = Release|Any CPU
		{1F68DBC4-280E-4E3A-9D04-4BE895656516}.Release|Any CPU.Build.0 = Release|Any CPU
		{154E4497-81D1-4437-96E2-1A51FDB8740A}.Debug|Any CPU.ActiveCfg = Debug|Any CPU
		{154E4497-81D1-4437-96E2-1A51FDB8740A}.Debug|Any CPU.Build.0 = Debug|Any CPU
		{154E4497-81D1-4437-96E2-1A51FDB8740A}.Release|Any CPU.ActiveCfg = Release|Any CPU
		{154E4497-81D1-4437-96E2-1A51FDB8740A}.Release|Any CPU.Build.0 = Release|Any CPU
		{6A9E098F-B139-4D79-A0F0-E1307F916E13}.Debug|Any CPU.ActiveCfg = Debug|Any CPU
		{6A9E098F-B139-4D79-A0F0-E1307F916E13}.Debug|Any CPU.Build.0 = Debug|Any CPU
		{6A9E098F-B139-4D79-A0F0-E1307F916E13}.Release|Any CPU.ActiveCfg = Release|Any CPU
		{6A9E098F-B139-4D79-A0F0-E1307F916E13}.Release|Any CPU.Build.0 = Release|Any CPU
		{102EBC87-8326-4C25-8F3A-84196D6FFB99}.Debug|Any CPU.ActiveCfg = Debug|Any CPU
		{102EBC87-8326-4C25-8F3A-84196D6FFB99}.Debug|Any CPU.Build.0 = Debug|Any CPU
		{102EBC87-8326-4C25-8F3A-84196D6FFB99}.Release|Any CPU.ActiveCfg = Release|Any CPU
		{102EBC87-8326-4C25-8F3A-84196D6FFB99}.Release|Any CPU.Build.0 = Release|Any CPU
		{DE595403-0A05-4C28-9FC0-E17DA5B88B28}.Debug|Any CPU.ActiveCfg = Debug|Any CPU
		{DE595403-0A05-4C28-9FC0-E17DA5B88B28}.Debug|Any CPU.Build.0 = Debug|Any CPU
		{DE595403-0A05-4C28-9FC0-E17DA5B88B28}.Release|Any CPU.ActiveCfg = Release|Any CPU
		{DE595403-0A05-4C28-9FC0-E17DA5B88B28}.Release|Any CPU.Build.0 = Release|Any CPU
		{526E19B8-9113-4371-B2F7-76483B2C3FED}.Debug|Any CPU.ActiveCfg = Debug|Any CPU
		{526E19B8-9113-4371-B2F7-76483B2C3FED}.Debug|Any CPU.Build.0 = Debug|Any CPU
		{526E19B8-9113-4371-B2F7-76483B2C3FED}.Release|Any CPU.ActiveCfg = Release|Any CPU
		{526E19B8-9113-4371-B2F7-76483B2C3FED}.Release|Any CPU.Build.0 = Release|Any CPU
		{906BCF66-F8E2-4437-9A19-068465AD1409}.Debug|Any CPU.ActiveCfg = Debug|Any CPU
		{906BCF66-F8E2-4437-9A19-068465AD1409}.Debug|Any CPU.Build.0 = Debug|Any CPU
		{906BCF66-F8E2-4437-9A19-068465AD1409}.Release|Any CPU.ActiveCfg = Release|Any CPU
		{906BCF66-F8E2-4437-9A19-068465AD1409}.Release|Any CPU.Build.0 = Release|Any CPU
		{BB9B8B65-14F0-4CA1-8AB3-12686D4AA5B3}.Debug|Any CPU.ActiveCfg = Debug|Any CPU
		{BB9B8B65-14F0-4CA1-8AB3-12686D4AA5B3}.Debug|Any CPU.Build.0 = Debug|Any CPU
		{BB9B8B65-14F0-4CA1-8AB3-12686D4AA5B3}.Release|Any CPU.ActiveCfg = Release|Any CPU
		{BB9B8B65-14F0-4CA1-8AB3-12686D4AA5B3}.Release|Any CPU.Build.0 = Release|Any CPU
		{52023CB8-8D81-4097-999A-D3F5AC7F39FE}.Debug|Any CPU.ActiveCfg = Debug|Any CPU
		{52023CB8-8D81-4097-999A-D3F5AC7F39FE}.Debug|Any CPU.Build.0 = Debug|Any CPU
		{52023CB8-8D81-4097-999A-D3F5AC7F39FE}.Release|Any CPU.ActiveCfg = Release|Any CPU
		{52023CB8-8D81-4097-999A-D3F5AC7F39FE}.Release|Any CPU.Build.0 = Release|Any CPU
		{F70892F7-DA64-4ACC-87E5-92287E7E7D6B}.Debug|Any CPU.ActiveCfg = Debug|Any CPU
		{F70892F7-DA64-4ACC-87E5-92287E7E7D6B}.Debug|Any CPU.Build.0 = Debug|Any CPU
		{F70892F7-DA64-4ACC-87E5-92287E7E7D6B}.Release|Any CPU.ActiveCfg = Release|Any CPU
		{F70892F7-DA64-4ACC-87E5-92287E7E7D6B}.Release|Any CPU.Build.0 = Release|Any CPU
		{C1FE80CB-0F09-4C17-818D-6898489A848C}.Debug|Any CPU.ActiveCfg = Debug|Any CPU
		{C1FE80CB-0F09-4C17-818D-6898489A848C}.Debug|Any CPU.Build.0 = Debug|Any CPU
		{C1FE80CB-0F09-4C17-818D-6898489A848C}.Release|Any CPU.ActiveCfg = Release|Any CPU
		{C1FE80CB-0F09-4C17-818D-6898489A848C}.Release|Any CPU.Build.0 = Release|Any CPU
	EndGlobalSection
	GlobalSection(SolutionProperties) = preSolution
		HideSolutionNode = FALSE
	EndGlobalSection
	GlobalSection(NestedProjects) = preSolution
		{1F68DBC4-280E-4E3A-9D04-4BE895656516} = {80A40105-0D79-4B64-A865-FEFE380986BC}
		{154E4497-81D1-4437-96E2-1A51FDB8740A} = {5B68551D-5BB3-4460-B068-2A64A2448407}
		{6A9E098F-B139-4D79-A0F0-E1307F916E13} = {5B68551D-5BB3-4460-B068-2A64A2448407}
		{102EBC87-8326-4C25-8F3A-84196D6FFB99} = {0DA09F31-C0E5-476A-AA9D-1D8A207EB114}
		{DE595403-0A05-4C28-9FC0-E17DA5B88B28} = {CE4DB257-A02E-4AAB-A420-0E5B2DD8A9BA}
		{526E19B8-9113-4371-B2F7-76483B2C3FED} = {5B68551D-5BB3-4460-B068-2A64A2448407}
		{906BCF66-F8E2-4437-9A19-068465AD1409} = {80A40105-0D79-4B64-A865-FEFE380986BC}
		{BB9B8B65-14F0-4CA1-8AB3-12686D4AA5B3} = {9BF8B18E-11DC-45B8-967B-21289359BFF5}
		{52023CB8-8D81-4097-999A-D3F5AC7F39FE} = {9BF8B18E-11DC-45B8-967B-21289359BFF5}
		{F70892F7-DA64-4ACC-87E5-92287E7E7D6B} = {0DA09F31-C0E5-476A-AA9D-1D8A207EB114}
		{C1FE80CB-0F09-4C17-818D-6898489A848C} = {0DA09F31-C0E5-476A-AA9D-1D8A207EB114}
	EndGlobalSection
EndGlobal
