
Microsoft Visual Studio Solution File, Format Version 12.00
# Visual Studio 14
VisualStudioVersion = 14.0.25420.1
MinimumVisualStudioVersion = 10.0.40219.1
Project("{2150E333-8FDC-42A3-9474-1A3956D46DE8}") = "Data", "Data", "{EA1CE976-CFF8-41A4-B2FD-3A30DB99DEED}"
EndProject
Project("{2150E333-8FDC-42A3-9474-1A3956D46DE8}") = "Services", "Services", "{459C14CB-B48E-4C1F-A54E-C5999845D883}"
EndProject
Project("{2150E333-8FDC-42A3-9474-1A3956D46DE8}") = "Tests", "Tests", "{BFC47904-BCD7-4DBE-8977-3D94AF556E5C}"
EndProject
Project("{2150E333-8FDC-42A3-9474-1A3956D46DE8}") = "Common", "Common", "{FF3946AC-9410-4884-B651-7699B0FDBCAF}"
EndProject
Project("{2150E333-8FDC-42A3-9474-1A3956D46DE8}") = "Client", "Client", "{79A45F0C-7F30-436F-AE4B-C1DE467AE8F4}"
EndProject
Project("{2150E333-8FDC-42A3-9474-1A3956D46DE8}") = "Server", "Server", "{9C5F3702-3EAF-4CC2-BC46-9E955A0C4596}"
EndProject
Project("{FAE04EC0-301F-11D3-BF4B-00C04F79EFBC}") = "MyBaseProjectTemplate.Data.Common", "Data\MyBaseProjectTemplate.Data.Common\MyBaseProjectTemplate.Data.Common.csproj", "{F1E7C0FB-CFDC-465C-8A9F-E81F3901EB51}"
EndProject
Project("{FAE04EC0-301F-11D3-BF4B-00C04F79EFBC}") = "MyBaseProjectTemplate.Tests.IntegrationTests", "Tests\MyBaseProjectTemplate.Tests.IntegrationTests\MyBaseProjectTemplate.Tests.IntegrationTests.csproj", "{17AFF29D-8B03-472B-B81F-1953FC29D68A}"
EndProject
Project("{FAE04EC0-301F-11D3-BF4B-00C04F79EFBC}") = "MyBaseProjectTemplate.Tests.UnitTests", "Tests\MyBaseProjectTemplate.Tests.UnitTests\MyBaseProjectTemplate.Tests.UnitTests.csproj", "{E7EDB618-3B54-4DDE-974E-130B9FABD067}"
EndProject
Project("{FAE04EC0-301F-11D3-BF4B-00C04F79EFBC}") = "MyBaseProjectTemplate.Common", "Common\MyBaseProjectTemplate.Common\MyBaseProjectTemplate.Common.csproj", "{A2A6DD05-77AD-47F8-974E-4F2ECABD40FE}"
EndProject
Project("{FAE04EC0-301F-11D3-BF4B-00C04F79EFBC}") = "MyBaseProjectTemplate.Services.Data", "Services\MyBaseProjectTemplate.Services.Data\MyBaseProjectTemplate.Services.Data.csproj", "{E1F6D645-C48E-451F-8D32-E9A7B8F1A158}"
EndProject
Project("{FAE04EC0-301F-11D3-BF4B-00C04F79EFBC}") = "MyBaseProjectTemplate.Data", "Data\MyBaseProjectTemplate.Data\MyBaseProjectTemplate.Data.csproj", "{EF683343-62AE-482C-87AB-9F343B8C3CFB}"
EndProject
Project("{2150E333-8FDC-42A3-9474-1A3956D46DE8}") = "Infrastructure", "Infrastructure", "{F289BF74-467E-4B41-A280-789B0F2278E6}"
EndProject
Project("{FAE04EC0-301F-11D3-BF4B-00C04F79EFBC}") = "MyBaseProjectTemplate.Infrastructure", "Infrastructure\MyBaseProjectTemplate.Infrastructure\MyBaseProjectTemplate.Infrastructure.csproj", "{196AE2DA-FF18-4072-920A-09AA2A022B67}"
EndProject
Project("{FAE04EC0-301F-11D3-BF4B-00C04F79EFBC}") = "MyBaseProjectTemplate.Data.Contracts", "Data\MyBaseProjectTemplate.Data.Contracts\MyBaseProjectTemplate.Data.Contracts.csproj", "{44E879C8-2015-4E21-8403-DB64B58D9E62}"
EndProject
Global
	GlobalSection(SolutionConfigurationPlatforms) = preSolution
		Debug|Any CPU = Debug|Any CPU
		Release|Any CPU = Release|Any CPU
	EndGlobalSection
	GlobalSection(ProjectConfigurationPlatforms) = postSolution
		{F1E7C0FB-CFDC-465C-8A9F-E81F3901EB51}.Debug|Any CPU.ActiveCfg = Debug|Any CPU
		{F1E7C0FB-CFDC-465C-8A9F-E81F3901EB51}.Debug|Any CPU.Build.0 = Debug|Any CPU
		{F1E7C0FB-CFDC-465C-8A9F-E81F3901EB51}.Release|Any CPU.ActiveCfg = Release|Any CPU
		{F1E7C0FB-CFDC-465C-8A9F-E81F3901EB51}.Release|Any CPU.Build.0 = Release|Any CPU
		{17AFF29D-8B03-472B-B81F-1953FC29D68A}.Debug|Any CPU.ActiveCfg = Debug|Any CPU
		{17AFF29D-8B03-472B-B81F-1953FC29D68A}.Debug|Any CPU.Build.0 = Debug|Any CPU
		{17AFF29D-8B03-472B-B81F-1953FC29D68A}.Release|Any CPU.ActiveCfg = Release|Any CPU
		{17AFF29D-8B03-472B-B81F-1953FC29D68A}.Release|Any CPU.Build.0 = Release|Any CPU
		{E7EDB618-3B54-4DDE-974E-130B9FABD067}.Debug|Any CPU.ActiveCfg = Debug|Any CPU
		{E7EDB618-3B54-4DDE-974E-130B9FABD067}.Debug|Any CPU.Build.0 = Debug|Any CPU
		{E7EDB618-3B54-4DDE-974E-130B9FABD067}.Release|Any CPU.ActiveCfg = Release|Any CPU
		{E7EDB618-3B54-4DDE-974E-130B9FABD067}.Release|Any CPU.Build.0 = Release|Any CPU
		{A2A6DD05-77AD-47F8-974E-4F2ECABD40FE}.Debug|Any CPU.ActiveCfg = Debug|Any CPU
		{A2A6DD05-77AD-47F8-974E-4F2ECABD40FE}.Debug|Any CPU.Build.0 = Debug|Any CPU
		{A2A6DD05-77AD-47F8-974E-4F2ECABD40FE}.Release|Any CPU.ActiveCfg = Release|Any CPU
		{A2A6DD05-77AD-47F8-974E-4F2ECABD40FE}.Release|Any CPU.Build.0 = Release|Any CPU
		{E1F6D645-C48E-451F-8D32-E9A7B8F1A158}.Debug|Any CPU.ActiveCfg = Debug|Any CPU
		{E1F6D645-C48E-451F-8D32-E9A7B8F1A158}.Debug|Any CPU.Build.0 = Debug|Any CPU
		{E1F6D645-C48E-451F-8D32-E9A7B8F1A158}.Release|Any CPU.ActiveCfg = Release|Any CPU
		{E1F6D645-C48E-451F-8D32-E9A7B8F1A158}.Release|Any CPU.Build.0 = Release|Any CPU
		{EF683343-62AE-482C-87AB-9F343B8C3CFB}.Debug|Any CPU.ActiveCfg = Debug|Any CPU
		{EF683343-62AE-482C-87AB-9F343B8C3CFB}.Debug|Any CPU.Build.0 = Debug|Any CPU
		{EF683343-62AE-482C-87AB-9F343B8C3CFB}.Release|Any CPU.ActiveCfg = Release|Any CPU
		{EF683343-62AE-482C-87AB-9F343B8C3CFB}.Release|Any CPU.Build.0 = Release|Any CPU
		{196AE2DA-FF18-4072-920A-09AA2A022B67}.Debug|Any CPU.ActiveCfg = Debug|Any CPU
		{196AE2DA-FF18-4072-920A-09AA2A022B67}.Debug|Any CPU.Build.0 = Debug|Any CPU
		{196AE2DA-FF18-4072-920A-09AA2A022B67}.Release|Any CPU.ActiveCfg = Release|Any CPU
		{196AE2DA-FF18-4072-920A-09AA2A022B67}.Release|Any CPU.Build.0 = Release|Any CPU
		{44E879C8-2015-4E21-8403-DB64B58D9E62}.Debug|Any CPU.ActiveCfg = Debug|Any CPU
		{44E879C8-2015-4E21-8403-DB64B58D9E62}.Debug|Any CPU.Build.0 = Debug|Any CPU
		{44E879C8-2015-4E21-8403-DB64B58D9E62}.Release|Any CPU.ActiveCfg = Release|Any CPU
		{44E879C8-2015-4E21-8403-DB64B58D9E62}.Release|Any CPU.Build.0 = Release|Any CPU
	EndGlobalSection
	GlobalSection(SolutionProperties) = preSolution
		HideSolutionNode = FALSE
	EndGlobalSection
	GlobalSection(NestedProjects) = preSolution
		{F1E7C0FB-CFDC-465C-8A9F-E81F3901EB51} = {EA1CE976-CFF8-41A4-B2FD-3A30DB99DEED}
		{17AFF29D-8B03-472B-B81F-1953FC29D68A} = {BFC47904-BCD7-4DBE-8977-3D94AF556E5C}
		{E7EDB618-3B54-4DDE-974E-130B9FABD067} = {BFC47904-BCD7-4DBE-8977-3D94AF556E5C}
		{A2A6DD05-77AD-47F8-974E-4F2ECABD40FE} = {FF3946AC-9410-4884-B651-7699B0FDBCAF}
		{E1F6D645-C48E-451F-8D32-E9A7B8F1A158} = {459C14CB-B48E-4C1F-A54E-C5999845D883}
		{EF683343-62AE-482C-87AB-9F343B8C3CFB} = {EA1CE976-CFF8-41A4-B2FD-3A30DB99DEED}
		{196AE2DA-FF18-4072-920A-09AA2A022B67} = {F289BF74-467E-4B41-A280-789B0F2278E6}
		{44E879C8-2015-4E21-8403-DB64B58D9E62} = {EA1CE976-CFF8-41A4-B2FD-3A30DB99DEED}
	EndGlobalSection
EndGlobal
