
Microsoft Visual Studio Solution File, Format Version 12.00
# Visual Studio 14
VisualStudioVersion = 14.0.25420.1
MinimumVisualStudioVersion = 10.0.40219.1
Project("{2150E333-8FDC-42A3-9474-1A3956D46DE8}") = "Data", "Data", "{EA1CE976-CFF8-41A4-B2FD-3A30DB99DEED}"
EndProject
Project("{2150E333-8FDC-42A3-9474-1A3956D46DE8}") = "Services", "Services", "{459C14CB-B48E-4C1F-A54E-C5999845D883}"
EndProject
Project("{2150E333-8FDC-42A3-9474-1A3956D46DE8}") = "Tests", "Tests", "{BFC47904-BCD7-4DBE-8977-3D94AF556E5C}"
EndProject
Project("{2150E333-8FDC-42A3-9474-1A3956D46DE8}") = "Common", "Common", "{FF3946AC-9410-4884-B651-7699B0FDBCAF}"
EndProject
Project("{2150E333-8FDC-42A3-9474-1A3956D46DE8}") = "Client", "Client", "{79A45F0C-7F30-436F-AE4B-C1DE467AE8F4}"
EndProject
Project("{2150E333-8FDC-42A3-9474-1A3956D46DE8}") = "Server", "Server", "{9C5F3702-3EAF-4CC2-BC46-9E955A0C4596}"
EndProject
Project("{FAE04EC0-301F-11D3-BF4B-00C04F79EFBC}") = "MyBaseProjectTemplate.Data.Common", "Data\MyBaseProjectTemplate.Data.Common\MyBaseProjectTemplate.Data.Common.csproj", "{F1E7C0FB-CFDC-465C-8A9F-E81F3901EB51}"
EndProject
Global
	GlobalSection(SolutionConfigurationPlatforms) = preSolution
		Debug|Any CPU = Debug|Any CPU
		Release|Any CPU = Release|Any CPU
	EndGlobalSection
	GlobalSection(ProjectConfigurationPlatforms) = postSolution
		{F1E7C0FB-CFDC-465C-8A9F-E81F3901EB51}.Debug|Any CPU.ActiveCfg = Debug|Any CPU
		{F1E7C0FB-CFDC-465C-8A9F-E81F3901EB51}.Debug|Any CPU.Build.0 = Debug|Any CPU
		{F1E7C0FB-CFDC-465C-8A9F-E81F3901EB51}.Release|Any CPU.ActiveCfg = Release|Any CPU
		{F1E7C0FB-CFDC-465C-8A9F-E81F3901EB51}.Release|Any CPU.Build.0 = Release|Any CPU
	EndGlobalSection
	GlobalSection(SolutionProperties) = preSolution
		HideSolutionNode = FALSE
	EndGlobalSection
	GlobalSection(NestedProjects) = preSolution
		{F1E7C0FB-CFDC-465C-8A9F-E81F3901EB51} = {EA1CE976-CFF8-41A4-B2FD-3A30DB99DEED}
	EndGlobalSection
EndGlobal
